// !$*UTF8*$!
{
	archiveVersion = 1;
	classes = {
	};
	objectVersion = 55;
	objects = {

/* Begin PBXBuildFile section */
		6B3602BC27B0431400DB3A75 /* FriendDetailView.swift in Sources */ = {isa = PBXBuildFile; fileRef = 6B3602BB27B0431400DB3A75 /* FriendDetailView.swift */; };
		6B3602BE27B072A500DB3A75 /* EmailHelper.swift in Sources */ = {isa = PBXBuildFile; fileRef = 6B3602BD27B072A500DB3A75 /* EmailHelper.swift */; };
		6B6B34C227B1D8620062882A /* CoreData.xcdatamodeld in Sources */ = {isa = PBXBuildFile; fileRef = 6B6B34C027B1D8620062882A /* CoreData.xcdatamodeld */; };
		6B6B34C727B1DD520062882A /* CachedFriend+CoreDataClass.swift in Sources */ = {isa = PBXBuildFile; fileRef = 6B6B34C327B1DD520062882A /* CachedFriend+CoreDataClass.swift */; };
		6B6B34C827B1DD520062882A /* CachedFriend+CoreDataProperties.swift in Sources */ = {isa = PBXBuildFile; fileRef = 6B6B34C427B1DD520062882A /* CachedFriend+CoreDataProperties.swift */; };
		6B6B34C927B1DD520062882A /* CachedUser+CoreDataClass.swift in Sources */ = {isa = PBXBuildFile; fileRef = 6B6B34C527B1DD520062882A /* CachedUser+CoreDataClass.swift */; };
		6B6B34CA27B1DD520062882A /* CachedUser+CoreDataProperties.swift in Sources */ = {isa = PBXBuildFile; fileRef = 6B6B34C627B1DD520062882A /* CachedUser+CoreDataProperties.swift */; };
		6B6B34CD27B1E05E0062882A /* DataController.swift in Sources */ = {isa = PBXBuildFile; fileRef = 6B6B34CC27B1E05E0062882A /* DataController.swift */; };
		6BDA55A627AF475300D474CB /* FriendFaceApp.swift in Sources */ = {isa = PBXBuildFile; fileRef = 6BDA55A527AF475300D474CB /* FriendFaceApp.swift */; };
		6BDA55A827AF475300D474CB /* ContentView.swift in Sources */ = {isa = PBXBuildFile; fileRef = 6BDA55A727AF475300D474CB /* ContentView.swift */; };
		6BDA55AA27AF475400D474CB /* Assets.xcassets in Resources */ = {isa = PBXBuildFile; fileRef = 6BDA55A927AF475400D474CB /* Assets.xcassets */; };
		6BDA55AD27AF475400D474CB /* Preview Assets.xcassets in Resources */ = {isa = PBXBuildFile; fileRef = 6BDA55AC27AF475400D474CB /* Preview Assets.xcassets */; };
		6BDA55B427AF477700D474CB /* User.swift in Sources */ = {isa = PBXBuildFile; fileRef = 6BDA55B327AF477700D474CB /* User.swift */; };
		6BDA55B627AF47D300D474CB /* Friend.swift in Sources */ = {isa = PBXBuildFile; fileRef = 6BDA55B527AF47D300D474CB /* Friend.swift */; };
/* End PBXBuildFile section */

/* Begin PBXFileReference section */
		6B3602BB27B0431400DB3A75 /* FriendDetailView.swift */ = {isa = PBXFileReference; lastKnownFileType = sourcecode.swift; path = FriendDetailView.swift; sourceTree = "<group>"; };
		6B3602BD27B072A500DB3A75 /* EmailHelper.swift */ = {isa = PBXFileReference; lastKnownFileType = sourcecode.swift; path = EmailHelper.swift; sourceTree = "<group>"; };
		6B6B34C127B1D8620062882A /* CoreData.xcdatamodel */ = {isa = PBXFileReference; lastKnownFileType = wrapper.xcdatamodel; path = CoreData.xcdatamodel; sourceTree = "<group>"; };
		6B6B34C327B1DD520062882A /* CachedFriend+CoreDataClass.swift */ = {isa = PBXFileReference; lastKnownFileType = sourcecode.swift; path = "CachedFriend+CoreDataClass.swift"; sourceTree = "<group>"; };
		6B6B34C427B1DD520062882A /* CachedFriend+CoreDataProperties.swift */ = {isa = PBXFileReference; lastKnownFileType = sourcecode.swift; path = "CachedFriend+CoreDataProperties.swift"; sourceTree = "<group>"; };
		6B6B34C527B1DD520062882A /* CachedUser+CoreDataClass.swift */ = {isa = PBXFileReference; lastKnownFileType = sourcecode.swift; path = "CachedUser+CoreDataClass.swift"; sourceTree = "<group>"; };
		6B6B34C627B1DD520062882A /* CachedUser+CoreDataProperties.swift */ = {isa = PBXFileReference; lastKnownFileType = sourcecode.swift; path = "CachedUser+CoreDataProperties.swift"; sourceTree = "<group>"; };
		6B6B34CC27B1E05E0062882A /* DataController.swift */ = {isa = PBXFileReference; lastKnownFileType = sourcecode.swift; path = DataController.swift; sourceTree = "<group>"; };
		6BDA55A227AF475300D474CB /* FriendFace.app */ = {isa = PBXFileReference; explicitFileType = wrapper.application; includeInIndex = 0; path = FriendFace.app; sourceTree = BUILT_PRODUCTS_DIR; };
		6BDA55A527AF475300D474CB /* FriendFaceApp.swift */ = {isa = PBXFileReference; lastKnownFileType = sourcecode.swift; path = FriendFaceApp.swift; sourceTree = "<group>"; };
		6BDA55A727AF475300D474CB /* ContentView.swift */ = {isa = PBXFileReference; lastKnownFileType = sourcecode.swift; path = ContentView.swift; sourceTree = "<group>"; };
		6BDA55A927AF475400D474CB /* Assets.xcassets */ = {isa = PBXFileReference; lastKnownFileType = folder.assetcatalog; path = Assets.xcassets; sourceTree = "<group>"; };
		6BDA55AC27AF475400D474CB /* Preview Assets.xcassets */ = {isa = PBXFileReference; lastKnownFileType = folder.assetcatalog; path = "Preview Assets.xcassets"; sourceTree = "<group>"; };
		6BDA55B327AF477700D474CB /* User.swift */ = {isa = PBXFileReference; lastKnownFileType = sourcecode.swift; path = User.swift; sourceTree = "<group>"; };
		6BDA55B527AF47D300D474CB /* Friend.swift */ = {isa = PBXFileReference; lastKnownFileType = sourcecode.swift; path = Friend.swift; sourceTree = "<group>"; };
/* End PBXFileReference section */

/* Begin PBXFrameworksBuildPhase section */
		6BDA559F27AF475300D474CB /* Frameworks */ = {
			isa = PBXFrameworksBuildPhase;
			buildActionMask = 2147483647;
			files = (
			);
			runOnlyForDeploymentPostprocessing = 0;
		};
/* End PBXFrameworksBuildPhase section */

/* Begin PBXGroup section */
		6B3602B827B042AF00DB3A75 /* Models */ = {
			isa = PBXGroup;
			children = (
				6BDA55B327AF477700D474CB /* User.swift */,
				6BDA55B527AF47D300D474CB /* Friend.swift */,
			);
			path = Models;
			sourceTree = "<group>";
		};
		6B3602BA27B042B700DB3A75 /* Views */ = {
			isa = PBXGroup;
			children = (
				6BDA55A727AF475300D474CB /* ContentView.swift */,
				6B3602BB27B0431400DB3A75 /* FriendDetailView.swift */,
			);
			path = Views;
			sourceTree = "<group>";
		};
		6B6B34CB27B1DD610062882A /* Data model */ = {
			isa = PBXGroup;
			children = (
				6B6B34C027B1D8620062882A /* CoreData.xcdatamodeld */,
				6B6B34C327B1DD520062882A /* CachedFriend+CoreDataClass.swift */,
				6B6B34C427B1DD520062882A /* CachedFriend+CoreDataProperties.swift */,
				6B6B34C527B1DD520062882A /* CachedUser+CoreDataClass.swift */,
				6B6B34C627B1DD520062882A /* CachedUser+CoreDataProperties.swift */,
				6B6B34CC27B1E05E0062882A /* DataController.swift */,
			);
			path = "Data model";
			sourceTree = "<group>";
		};
		6BDA559927AF475300D474CB = {
			isa = PBXGroup;
			children = (
				6BDA55A427AF475300D474CB /* FriendFace */,
				6BDA55A327AF475300D474CB /* Products */,
			);
			sourceTree = "<group>";
		};
		6BDA55A327AF475300D474CB /* Products */ = {
			isa = PBXGroup;
			children = (
				6BDA55A227AF475300D474CB /* FriendFace.app */,
			);
			name = Products;
			sourceTree = "<group>";
		};
		6BDA55A427AF475300D474CB /* FriendFace */ = {
			isa = PBXGroup;
			children = (
				6BDA55A527AF475300D474CB /* FriendFaceApp.swift */,
				6B3602BA27B042B700DB3A75 /* Views */,
				6B3602B827B042AF00DB3A75 /* Models */,
				6B3602BD27B072A500DB3A75 /* EmailHelper.swift */,
				6B6B34CB27B1DD610062882A /* Data model */,
				6BDA55A927AF475400D474CB /* Assets.xcassets */,
				6BDA55AB27AF475400D474CB /* Preview Content */,
			);
			path = FriendFace;
			sourceTree = "<group>";
		};
		6BDA55AB27AF475400D474CB /* Preview Content */ = {
			isa = PBXGroup;
			children = (
				6BDA55AC27AF475400D474CB /* Preview Assets.xcassets */,
			);
			path = "Preview Content";
			sourceTree = "<group>";
		};
/* End PBXGroup section */

/* Begin PBXNativeTarget section */
		6BDA55A127AF475300D474CB /* FriendFace */ = {
			isa = PBXNativeTarget;
			buildConfigurationList = 6BDA55B027AF475400D474CB /* Build configuration list for PBXNativeTarget "FriendFace" */;
			buildPhases = (
				6BDA559E27AF475300D474CB /* Sources */,
				6BDA559F27AF475300D474CB /* Frameworks */,
				6BDA55A027AF475300D474CB /* Resources */,
			);
			buildRules = (
			);
			dependencies = (
			);
			name = FriendFace;
			productName = FriendFace;
			productReference = 6BDA55A227AF475300D474CB /* FriendFace.app */;
			productType = "com.apple.product-type.application";
		};
/* End PBXNativeTarget section */

/* Begin PBXProject section */
		6BDA559A27AF475300D474CB /* Project object */ = {
			isa = PBXProject;
			attributes = {
				BuildIndependentTargetsInParallel = 1;
				LastSwiftUpdateCheck = 1320;
				LastUpgradeCheck = 1320;
				TargetAttributes = {
					6BDA55A127AF475300D474CB = {
						CreatedOnToolsVersion = 13.2.1;
					};
				};
			};
			buildConfigurationList = 6BDA559D27AF475300D474CB /* Build configuration list for PBXProject "FriendFace" */;
			compatibilityVersion = "Xcode 13.0";
			developmentRegion = en;
			hasScannedForEncodings = 0;
			knownRegions = (
				en,
				Base,
			);
			mainGroup = 6BDA559927AF475300D474CB;
			productRefGroup = 6BDA55A327AF475300D474CB /* Products */;
			projectDirPath = "";
			projectRoot = "";
			targets = (
				6BDA55A127AF475300D474CB /* FriendFace */,
			);
		};
/* End PBXProject section */

/* Begin PBXResourcesBuildPhase section */
		6BDA55A027AF475300D474CB /* Resources */ = {
			isa = PBXResourcesBuildPhase;
			buildActionMask = 2147483647;
			files = (
				6BDA55AD27AF475400D474CB /* Preview Assets.xcassets in Resources */,
				6BDA55AA27AF475400D474CB /* Assets.xcassets in Resources */,
			);
			runOnlyForDeploymentPostprocessing = 0;
		};
/* End PBXResourcesBuildPhase section */

/* Begin PBXSourcesBuildPhase section */
		6BDA559E27AF475300D474CB /* Sources */ = {
			isa = PBXSourcesBuildPhase;
			buildActionMask = 2147483647;
			files = (
				6B6B34C727B1DD520062882A /* CachedFriend+CoreDataClass.swift in Sources */,
				6B6B34C827B1DD520062882A /* CachedFriend+CoreDataProperties.swift in Sources */,
				6B6B34C227B1D8620062882A /* CoreData.xcdatamodeld in Sources */,
				6BDA55A827AF475300D474CB /* ContentView.swift in Sources */,
				6B6B34CA27B1DD520062882A /* CachedUser+CoreDataProperties.swift in Sources */,
				6BDA55A627AF475300D474CB /* FriendFaceApp.swift in Sources */,
				6BDA55B427AF477700D474CB /* User.swift in Sources */,
				6B3602BE27B072A500DB3A75 /* EmailHelper.swift in Sources */,
				6B3602BC27B0431400DB3A75 /* FriendDetailView.swift in Sources */,
				6B6B34C927B1DD520062882A /* CachedUser+CoreDataClass.swift in Sources */,
				6B6B34CD27B1E05E0062882A /* DataController.swift in Sources */,
				6BDA55B627AF47D300D474CB /* Friend.swift in Sources */,
			);
			runOnlyForDeploymentPostprocessing = 0;
		};
/* End PBXSourcesBuildPhase section */

/* Begin XCBuildConfiguration section */
		6BDA55AE27AF475400D474CB /* Debug */ = {
			isa = XCBuildConfiguration;
			buildSettings = {
				ALWAYS_SEARCH_USER_PATHS = NO;
				CLANG_ANALYZER_NONNULL = YES;
				CLANG_ANALYZER_NUMBER_OBJECT_CONVERSION = YES_AGGRESSIVE;
				CLANG_CXX_LANGUAGE_STANDARD = "gnu++17";
				CLANG_CXX_LIBRARY = "libc++";
				CLANG_ENABLE_MODULES = YES;
				CLANG_ENABLE_OBJC_ARC = YES;
				CLANG_ENABLE_OBJC_WEAK = YES;
				CLANG_WARN_BLOCK_CAPTURE_AUTORELEASING = YES;
				CLANG_WARN_BOOL_CONVERSION = YES;
				CLANG_WARN_COMMA = YES;
				CLANG_WARN_CONSTANT_CONVERSION = YES;
				CLANG_WARN_DEPRECATED_OBJC_IMPLEMENTATIONS = YES;
				CLANG_WARN_DIRECT_OBJC_ISA_USAGE = YES_ERROR;
				CLANG_WARN_DOCUMENTATION_COMMENTS = YES;
				CLANG_WARN_EMPTY_BODY = YES;
				CLANG_WARN_ENUM_CONVERSION = YES;
				CLANG_WARN_INFINITE_RECURSION = YES;
				CLANG_WARN_INT_CONVERSION = YES;
				CLANG_WARN_NON_LITERAL_NULL_CONVERSION = YES;
				CLANG_WARN_OBJC_IMPLICIT_RETAIN_SELF = YES;
				CLANG_WARN_OBJC_LITERAL_CONVERSION = YES;
				CLANG_WARN_OBJC_ROOT_CLASS = YES_ERROR;
				CLANG_WARN_QUOTED_INCLUDE_IN_FRAMEWORK_HEADER = YES;
				CLANG_WARN_RANGE_LOOP_ANALYSIS = YES;
				CLANG_WARN_STRICT_PROTOTYPES = YES;
				CLANG_WARN_SUSPICIOUS_MOVE = YES;
				CLANG_WARN_UNGUARDED_AVAILABILITY = YES_AGGRESSIVE;
				CLANG_WARN_UNREACHABLE_CODE = YES;
				CLANG_WARN__DUPLICATE_METHOD_MATCH = YES;
				COPY_PHASE_STRIP = NO;
				DEBUG_INFORMATION_FORMAT = dwarf;
				ENABLE_STRICT_OBJC_MSGSEND = YES;
				ENABLE_TESTABILITY = YES;
				GCC_C_LANGUAGE_STANDARD = gnu11;
				GCC_DYNAMIC_NO_PIC = NO;
				GCC_NO_COMMON_BLOCKS = YES;
				GCC_OPTIMIZATION_LEVEL = 0;
				GCC_PREPROCESSOR_DEFINITIONS = (
					"DEBUG=1",
					"$(inherited)",
				);
				GCC_WARN_64_TO_32_BIT_CONVERSION = YES;
				GCC_WARN_ABOUT_RETURN_TYPE = YES_ERROR;
				GCC_WARN_UNDECLARED_SELECTOR = YES;
				GCC_WARN_UNINITIALIZED_AUTOS = YES_AGGRESSIVE;
				GCC_WARN_UNUSED_FUNCTION = YES;
				GCC_WARN_UNUSED_VARIABLE = YES;
				IPHONEOS_DEPLOYMENT_TARGET = 15.2;
				MTL_ENABLE_DEBUG_INFO = INCLUDE_SOURCE;
				MTL_FAST_MATH = YES;
				ONLY_ACTIVE_ARCH = YES;
				SDKROOT = iphoneos;
				SWIFT_ACTIVE_COMPILATION_CONDITIONS = DEBUG;
				SWIFT_OPTIMIZATION_LEVEL = "-Onone";
			};
			name = Debug;
		};
		6BDA55AF27AF475400D474CB /* Release */ = {
			isa = XCBuildConfiguration;
			buildSettings = {
				ALWAYS_SEARCH_USER_PATHS = NO;
				CLANG_ANALYZER_NONNULL = YES;
				CLANG_ANALYZER_NUMBER_OBJECT_CONVERSION = YES_AGGRESSIVE;
				CLANG_CXX_LANGUAGE_STANDARD = "gnu++17";
				CLANG_CXX_LIBRARY = "libc++";
				CLANG_ENABLE_MODULES = YES;
				CLANG_ENABLE_OBJC_ARC = YES;
				CLANG_ENABLE_OBJC_WEAK = YES;
				CLANG_WARN_BLOCK_CAPTURE_AUTORELEASING = YES;
				CLANG_WARN_BOOL_CONVERSION = YES;
				CLANG_WARN_COMMA = YES;
				CLANG_WARN_CONSTANT_CONVERSION = YES;
				CLANG_WARN_DEPRECATED_OBJC_IMPLEMENTATIONS = YES;
				CLANG_WARN_DIRECT_OBJC_ISA_USAGE = YES_ERROR;
				CLANG_WARN_DOCUMENTATION_COMMENTS = YES;
				CLANG_WARN_EMPTY_BODY = YES;
				CLANG_WARN_ENUM_CONVERSION = YES;
				CLANG_WARN_INFINITE_RECURSION = YES;
				CLANG_WARN_INT_CONVERSION = YES;
				CLANG_WARN_NON_LITERAL_NULL_CONVERSION = YES;
				CLANG_WARN_OBJC_IMPLICIT_RETAIN_SELF = YES;
				CLANG_WARN_OBJC_LITERAL_CONVERSION = YES;
				CLANG_WARN_OBJC_ROOT_CLASS = YES_ERROR;
				CLANG_WARN_QUOTED_INCLUDE_IN_FRAMEWORK_HEADER = YES;
				CLANG_WARN_RANGE_LOOP_ANALYSIS = YES;
				CLANG_WARN_STRICT_PROTOTYPES = YES;
				CLANG_WARN_SUSPICIOUS_MOVE = YES;
				CLANG_WARN_UNGUARDED_AVAILABILITY = YES_AGGRESSIVE;
				CLANG_WARN_UNREACHABLE_CODE = YES;
				CLANG_WARN__DUPLICATE_METHOD_MATCH = YES;
				COPY_PHASE_STRIP = NO;
				DEBUG_INFORMATION_FORMAT = "dwarf-with-dsym";
				ENABLE_NS_ASSERTIONS = NO;
				ENABLE_STRICT_OBJC_MSGSEND = YES;
				GCC_C_LANGUAGE_STANDARD = gnu11;
				GCC_NO_COMMON_BLOCKS = YES;
				GCC_WARN_64_TO_32_BIT_CONVERSION = YES;
				GCC_WARN_ABOUT_RETURN_TYPE = YES_ERROR;
				GCC_WARN_UNDECLARED_SELECTOR = YES;
				GCC_WARN_UNINITIALIZED_AUTOS = YES_AGGRESSIVE;
				GCC_WARN_UNUSED_FUNCTION = YES;
				GCC_WARN_UNUSED_VARIABLE = YES;
				IPHONEOS_DEPLOYMENT_TARGET = 15.2;
				MTL_ENABLE_DEBUG_INFO = NO;
				MTL_FAST_MATH = YES;
				SDKROOT = iphoneos;
				SWIFT_COMPILATION_MODE = wholemodule;
				SWIFT_OPTIMIZATION_LEVEL = "-O";
				VALIDATE_PRODUCT = YES;
			};
			name = Release;
		};
		6BDA55B127AF475400D474CB /* Debug */ = {
			isa = XCBuildConfiguration;
			buildSettings = {
				ASSETCATALOG_COMPILER_APPICON_NAME = AppIcon;
				ASSETCATALOG_COMPILER_GLOBAL_ACCENT_COLOR_NAME = AccentColor;
				CODE_SIGN_STYLE = Automatic;
				CURRENT_PROJECT_VERSION = 1;
				DEVELOPMENT_ASSET_PATHS = "\"FriendFace/Preview Content\"";
				DEVELOPMENT_TEAM = TSKA2XAG4K;
				ENABLE_PREVIEWS = YES;
				GENERATE_INFOPLIST_FILE = YES;
				INFOPLIST_KEY_UIApplicationSceneManifest_Generation = YES;
				INFOPLIST_KEY_UIApplicationSupportsIndirectInputEvents = YES;
				INFOPLIST_KEY_UILaunchScreen_Generation = YES;
				INFOPLIST_KEY_UISupportedInterfaceOrientations_iPad = "UIInterfaceOrientationPortrait UIInterfaceOrientationPortraitUpsideDown UIInterfaceOrientationLandscapeLeft UIInterfaceOrientationLandscapeRight";
				INFOPLIST_KEY_UISupportedInterfaceOrientations_iPhone = "UIInterfaceOrientationPortrait UIInterfaceOrientationLandscapeLeft UIInterfaceOrientationLandscapeRight";
				LD_RUNPATH_SEARCH_PATHS = (
					"$(inherited)",
					"@executable_path/Frameworks",
				);
				MARKETING_VERSION = 1.0;
				PRODUCT_BUNDLE_IDENTIFIER = "com.Dante-Cesa.FriendFace";
				PRODUCT_NAME = "$(TARGET_NAME)";
				SWIFT_EMIT_LOC_STRINGS = YES;
				SWIFT_VERSION = 5.0;
				TARGETED_DEVICE_FAMILY = "1,2";
			};
			name = Debug;
		};
		6BDA55B227AF475400D474CB /* Release */ = {
			isa = XCBuildConfiguration;
			buildSettings = {
				ASSETCATALOG_COMPILER_APPICON_NAME = AppIcon;
				ASSETCATALOG_COMPILER_GLOBAL_ACCENT_COLOR_NAME = AccentColor;
				CODE_SIGN_STYLE = Automatic;
				CURRENT_PROJECT_VERSION = 1;
				DEVELOPMENT_ASSET_PATHS = "\"FriendFace/Preview Content\"";
				DEVELOPMENT_TEAM = TSKA2XAG4K;
				ENABLE_PREVIEWS = YES;
				GENERATE_INFOPLIST_FILE = YES;
				INFOPLIST_KEY_UIApplicationSceneManifest_Generation = YES;
				INFOPLIST_KEY_UIApplicationSupportsIndirectInputEvents = YES;
				INFOPLIST_KEY_UILaunchScreen_Generation = YES;
				INFOPLIST_KEY_UISupportedInterfaceOrientations_iPad = "UIInterfaceOrientationPortrait UIInterfaceOrientationPortraitUpsideDown UIInterfaceOrientationLandscapeLeft UIInterfaceOrientationLandscapeRight";
				INFOPLIST_KEY_UISupportedInterfaceOrientations_iPhone = "UIInterfaceOrientationPortrait UIInterfaceOrientationLandscapeLeft UIInterfaceOrientationLandscapeRight";
				LD_RUNPATH_SEARCH_PATHS = (
					"$(inherited)",
					"@executable_path/Frameworks",
				);
				MARKETING_VERSION = 1.0;
				PRODUCT_BUNDLE_IDENTIFIER = "com.Dante-Cesa.FriendFace";
				PRODUCT_NAME = "$(TARGET_NAME)";
				SWIFT_EMIT_LOC_STRINGS = YES;
				SWIFT_VERSION = 5.0;
				TARGETED_DEVICE_FAMILY = "1,2";
			};
			name = Release;
		};
/* End XCBuildConfiguration section */

/* Begin XCConfigurationList section */
		6BDA559D27AF475300D474CB /* Build configuration list for PBXProject "FriendFace" */ = {
			isa = XCConfigurationList;
			buildConfigurations = (
				6BDA55AE27AF475400D474CB /* Debug */,
				6BDA55AF27AF475400D474CB /* Release */,
			);
			defaultConfigurationIsVisible = 0;
			defaultConfigurationName = Release;
		};
		6BDA55B027AF475400D474CB /* Build configuration list for PBXNativeTarget "FriendFace" */ = {
			isa = XCConfigurationList;
			buildConfigurations = (
				6BDA55B127AF475400D474CB /* Debug */,
				6BDA55B227AF475400D474CB /* Release */,
			);
			defaultConfigurationIsVisible = 0;
			defaultConfigurationName = Release;
		};
/* End XCConfigurationList section */

/* Begin XCVersionGroup section */
		6B6B34C027B1D8620062882A /* CoreData.xcdatamodeld */ = {
			isa = XCVersionGroup;
			children = (
				6B6B34C127B1D8620062882A /* CoreData.xcdatamodel */,
			);
			currentVersion = 6B6B34C127B1D8620062882A /* CoreData.xcdatamodel */;
			path = CoreData.xcdatamodeld;
			sourceTree = "<group>";
			versionGroupType = wrapper.xcdatamodel;
		};
/* End XCVersionGroup section */
	};
	rootObject = 6BDA559A27AF475300D474CB /* Project object */;
}
